// !$*UTF8*$!
{
	archiveVersion = 1;
	classes = {
	};
	objectVersion = 77;
	objects = {

/* Begin PBXContainerItemProxy section */
		27EDAECA2D1A146F008CC592 /* PBXContainerItemProxy */ = {
			isa = PBXContainerItemProxy;
			containerPortal = 27EDAEB02D1A146C008CC592 /* Project object */;
			proxyType = 1;
			remoteGlobalIDString = 27EDAEB72D1A146C008CC592;
			remoteInfo = Bluesent;
		};
		27EDAED42D1A146F008CC592 /* PBXContainerItemProxy */ = {
			isa = PBXContainerItemProxy;
			containerPortal = 27EDAEB02D1A146C008CC592 /* Project object */;
			proxyType = 1;
			remoteGlobalIDString = 27EDAEB72D1A146C008CC592;
			remoteInfo = Bluesent;
		};
/* End PBXContainerItemProxy section */

/* Begin PBXFileReference section */
		27EDAEB82D1A146C008CC592 /* Bluesent.app */ = {isa = PBXFileReference; explicitFileType = wrapper.application; includeInIndex = 0; path = Bluesent.app; sourceTree = BUILT_PRODUCTS_DIR; };
		27EDAEC92D1A146F008CC592 /* BluesentTests.xctest */ = {isa = PBXFileReference; explicitFileType = wrapper.cfbundle; includeInIndex = 0; path = BluesentTests.xctest; sourceTree = BUILT_PRODUCTS_DIR; };
		27EDAED32D1A146F008CC592 /* BluesentUITests.xctest */ = {isa = PBXFileReference; explicitFileType = wrapper.cfbundle; includeInIndex = 0; path = BluesentUITests.xctest; sourceTree = BUILT_PRODUCTS_DIR; };
/* End PBXFileReference section */

/* Begin PBXFileSystemSynchronizedRootGroup section */
		27EDAEBA2D1A146C008CC592 /* Bluesent */ = {
			isa = PBXFileSystemSynchronizedRootGroup;
			path = Bluesent;
			sourceTree = "<group>";
		};
		27EDAECC2D1A146F008CC592 /* BluesentTests */ = {
			isa = PBXFileSystemSynchronizedRootGroup;
			path = BluesentTests;
			sourceTree = "<group>";
		};
		27EDAED62D1A146F008CC592 /* BluesentUITests */ = {
			isa = PBXFileSystemSynchronizedRootGroup;
			path = BluesentUITests;
			sourceTree = "<group>";
		};
/* End PBXFileSystemSynchronizedRootGroup section */

/* Begin PBXFrameworksBuildPhase section */
		27EDAEB52D1A146C008CC592 /* Frameworks */ = {
			isa = PBXFrameworksBuildPhase;
			buildActionMask = 2147483647;
			files = (
			);
			runOnlyForDeploymentPostprocessing = 0;
		};
		27EDAEC62D1A146F008CC592 /* Frameworks */ = {
			isa = PBXFrameworksBuildPhase;
			buildActionMask = 2147483647;
			files = (
			);
			runOnlyForDeploymentPostprocessing = 0;
		};
		27EDAED02D1A146F008CC592 /* Frameworks */ = {
			isa = PBXFrameworksBuildPhase;
			buildActionMask = 2147483647;
			files = (
			);
			runOnlyForDeploymentPostprocessing = 0;
		};
/* End PBXFrameworksBuildPhase section */

/* Begin PBXGroup section */
		27EDAEAF2D1A146C008CC592 = {
			isa = PBXGroup;
			children = (
				27EDAEBA2D1A146C008CC592 /* Bluesent */,
				27EDAECC2D1A146F008CC592 /* BluesentTests */,
				27EDAED62D1A146F008CC592 /* BluesentUITests */,
				27EDAEB92D1A146C008CC592 /* Products */,
			);
			sourceTree = "<group>";
		};
		27EDAEB92D1A146C008CC592 /* Products */ = {
			isa = PBXGroup;
			children = (
				27EDAEB82D1A146C008CC592 /* Bluesent.app */,
				27EDAEC92D1A146F008CC592 /* BluesentTests.xctest */,
				27EDAED32D1A146F008CC592 /* BluesentUITests.xctest */,
			);
			name = Products;
			sourceTree = "<group>";
		};
/* End PBXGroup section */

/* Begin PBXNativeTarget section */
		27EDAEB72D1A146C008CC592 /* Bluesent */ = {
			isa = PBXNativeTarget;
			buildConfigurationList = 27EDAEDD2D1A146F008CC592 /* Build configuration list for PBXNativeTarget "Bluesent" */;
			buildPhases = (
				27EDAEB42D1A146C008CC592 /* Sources */,
				27EDAEB52D1A146C008CC592 /* Frameworks */,
				27EDAEB62D1A146C008CC592 /* Resources */,
			);
			buildRules = (
			);
			dependencies = (
			);
			fileSystemSynchronizedGroups = (
				27EDAEBA2D1A146C008CC592 /* Bluesent */,
			);
			name = Bluesent;
			packageProductDependencies = (
			);
			productName = Bluesent;
			productReference = 27EDAEB82D1A146C008CC592 /* Bluesent.app */;
			productType = "com.apple.product-type.application";
		};
		27EDAEC82D1A146F008CC592 /* BluesentTests */ = {
			isa = PBXNativeTarget;
			buildConfigurationList = 27EDAEE02D1A146F008CC592 /* Build configuration list for PBXNativeTarget "BluesentTests" */;
			buildPhases = (
				27EDAEC52D1A146F008CC592 /* Sources */,
				27EDAEC62D1A146F008CC592 /* Frameworks */,
				27EDAEC72D1A146F008CC592 /* Resources */,
			);
			buildRules = (
			);
			dependencies = (
				27EDAECB2D1A146F008CC592 /* PBXTargetDependency */,
			);
			fileSystemSynchronizedGroups = (
				27EDAECC2D1A146F008CC592 /* BluesentTests */,
			);
			name = BluesentTests;
			packageProductDependencies = (
			);
			productName = BluesentTests;
			productReference = 27EDAEC92D1A146F008CC592 /* BluesentTests.xctest */;
			productType = "com.apple.product-type.bundle.unit-test";
		};
		27EDAED22D1A146F008CC592 /* BluesentUITests */ = {
			isa = PBXNativeTarget;
			buildConfigurationList = 27EDAEE32D1A146F008CC592 /* Build configuration list for PBXNativeTarget "BluesentUITests" */;
			buildPhases = (
				27EDAECF2D1A146F008CC592 /* Sources */,
				27EDAED02D1A146F008CC592 /* Frameworks */,
				27EDAED12D1A146F008CC592 /* Resources */,
			);
			buildRules = (
			);
			dependencies = (
				27EDAED52D1A146F008CC592 /* PBXTargetDependency */,
			);
			fileSystemSynchronizedGroups = (
				27EDAED62D1A146F008CC592 /* BluesentUITests */,
			);
			name = BluesentUITests;
			packageProductDependencies = (
			);
			productName = BluesentUITests;
			productReference = 27EDAED32D1A146F008CC592 /* BluesentUITests.xctest */;
			productType = "com.apple.product-type.bundle.ui-testing";
		};
/* End PBXNativeTarget section */

/* Begin PBXProject section */
		27EDAEB02D1A146C008CC592 /* Project object */ = {
			isa = PBXProject;
			attributes = {
				BuildIndependentTargetsInParallel = 1;
				LastSwiftUpdateCheck = 1620;
				LastUpgradeCheck = 1620;
				TargetAttributes = {
					27EDAEB72D1A146C008CC592 = {
						CreatedOnToolsVersion = 16.2;
					};
					27EDAEC82D1A146F008CC592 = {
						CreatedOnToolsVersion = 16.2;
						TestTargetID = 27EDAEB72D1A146C008CC592;
					};
					27EDAED22D1A146F008CC592 = {
						CreatedOnToolsVersion = 16.2;
						TestTargetID = 27EDAEB72D1A146C008CC592;
					};
				};
			};
			buildConfigurationList = 27EDAEB32D1A146C008CC592 /* Build configuration list for PBXProject "Bluesent" */;
			developmentRegion = en;
			hasScannedForEncodings = 0;
			knownRegions = (
				en,
				Base,
			);
			mainGroup = 27EDAEAF2D1A146C008CC592;
			minimizedProjectReferenceProxies = 1;
			packageReferences = (
				27EDAEF12D1AD9A3008CC592 /* XCLocalSwiftPackageReference "../../../../../Users/zahedi/Downloads/Yams-main" */,
				27EDAEF22D1AD9D7008CC592 /* XCLocalSwiftPackageReference "../../../../../Users/zahedi/Downloads/mongo-swift-driver-main" */,
			);
			preferredProjectObjectVersion = 77;
			productRefGroup = 27EDAEB92D1A146C008CC592 /* Products */;
			projectDirPath = "";
			projectRoot = "";
			targets = (
				27EDAEB72D1A146C008CC592 /* Bluesent */,
				27EDAEC82D1A146F008CC592 /* BluesentTests */,
				27EDAED22D1A146F008CC592 /* BluesentUITests */,
			);
		};
/* End PBXProject section */

/* Begin PBXResourcesBuildPhase section */
		27EDAEB62D1A146C008CC592 /* Resources */ = {
			isa = PBXResourcesBuildPhase;
			buildActionMask = 2147483647;
			files = (
			);
			runOnlyForDeploymentPostprocessing = 0;
		};
		27EDAEC72D1A146F008CC592 /* Resources */ = {
			isa = PBXResourcesBuildPhase;
			buildActionMask = 2147483647;
			files = (
			);
			runOnlyForDeploymentPostprocessing = 0;
		};
		27EDAED12D1A146F008CC592 /* Resources */ = {
			isa = PBXResourcesBuildPhase;
			buildActionMask = 2147483647;
			files = (
			);
			runOnlyForDeploymentPostprocessing = 0;
		};
/* End PBXResourcesBuildPhase section */

/* Begin PBXSourcesBuildPhase section */
		27EDAEB42D1A146C008CC592 /* Sources */ = {
			isa = PBXSourcesBuildPhase;
			buildActionMask = 2147483647;
			files = (
			);
			runOnlyForDeploymentPostprocessing = 0;
		};
		27EDAEC52D1A146F008CC592 /* Sources */ = {
			isa = PBXSourcesBuildPhase;
			buildActionMask = 2147483647;
			files = (
			);
			runOnlyForDeploymentPostprocessing = 0;
		};
		27EDAECF2D1A146F008CC592 /* Sources */ = {
			isa = PBXSourcesBuildPhase;
			buildActionMask = 2147483647;
			files = (
			);
			runOnlyForDeploymentPostprocessing = 0;
		};
/* End PBXSourcesBuildPhase section */

/* Begin PBXTargetDependency section */
		27EDAECB2D1A146F008CC592 /* PBXTargetDependency */ = {
			isa = PBXTargetDependency;
			target = 27EDAEB72D1A146C008CC592 /* Bluesent */;
			targetProxy = 27EDAECA2D1A146F008CC592 /* PBXContainerItemProxy */;
		};
		27EDAED52D1A146F008CC592 /* PBXTargetDependency */ = {
			isa = PBXTargetDependency;
			target = 27EDAEB72D1A146C008CC592 /* Bluesent */;
			targetProxy = 27EDAED42D1A146F008CC592 /* PBXContainerItemProxy */;
		};
/* End PBXTargetDependency section */

/* Begin XCBuildConfiguration section */
		27EDAEDB2D1A146F008CC592 /* Debug */ = {
			isa = XCBuildConfiguration;
			buildSettings = {
				ALWAYS_SEARCH_USER_PATHS = NO;
				ASSETCATALOG_COMPILER_GENERATE_SWIFT_ASSET_SYMBOL_EXTENSIONS = YES;
				CLANG_ANALYZER_NONNULL = YES;
				CLANG_ANALYZER_NUMBER_OBJECT_CONVERSION = YES_AGGRESSIVE;
				CLANG_CXX_LANGUAGE_STANDARD = "gnu++20";
				CLANG_ENABLE_MODULES = YES;
				CLANG_ENABLE_OBJC_ARC = YES;
				CLANG_ENABLE_OBJC_WEAK = YES;
				CLANG_WARN_BLOCK_CAPTURE_AUTORELEASING = YES;
				CLANG_WARN_BOOL_CONVERSION = YES;
				CLANG_WARN_COMMA = YES;
				CLANG_WARN_CONSTANT_CONVERSION = YES;
				CLANG_WARN_DEPRECATED_OBJC_IMPLEMENTATIONS = YES;
				CLANG_WARN_DIRECT_OBJC_ISA_USAGE = YES_ERROR;
				CLANG_WARN_DOCUMENTATION_COMMENTS = YES;
				CLANG_WARN_EMPTY_BODY = YES;
				CLANG_WARN_ENUM_CONVERSION = YES;
				CLANG_WARN_INFINITE_RECURSION = YES;
				CLANG_WARN_INT_CONVERSION = YES;
				CLANG_WARN_NON_LITERAL_NULL_CONVERSION = YES;
				CLANG_WARN_OBJC_IMPLICIT_RETAIN_SELF = YES;
				CLANG_WARN_OBJC_LITERAL_CONVERSION = YES;
				CLANG_WARN_OBJC_ROOT_CLASS = YES_ERROR;
				CLANG_WARN_QUOTED_INCLUDE_IN_FRAMEWORK_HEADER = YES;
				CLANG_WARN_RANGE_LOOP_ANALYSIS = YES;
				CLANG_WARN_STRICT_PROTOTYPES = YES;
				CLANG_WARN_SUSPICIOUS_MOVE = YES;
				CLANG_WARN_UNGUARDED_AVAILABILITY = YES_AGGRESSIVE;
				CLANG_WARN_UNREACHABLE_CODE = YES;
				CLANG_WARN__DUPLICATE_METHOD_MATCH = YES;
				COPY_PHASE_STRIP = NO;
				DEBUG_INFORMATION_FORMAT = dwarf;
				ENABLE_STRICT_OBJC_MSGSEND = YES;
				ENABLE_TESTABILITY = YES;
				ENABLE_USER_SCRIPT_SANDBOXING = YES;
				GCC_C_LANGUAGE_STANDARD = gnu17;
				GCC_DYNAMIC_NO_PIC = NO;
				GCC_NO_COMMON_BLOCKS = YES;
				GCC_OPTIMIZATION_LEVEL = 0;
				GCC_PREPROCESSOR_DEFINITIONS = (
					"DEBUG=1",
					"$(inherited)",
				);
				GCC_WARN_64_TO_32_BIT_CONVERSION = YES;
				GCC_WARN_ABOUT_RETURN_TYPE = YES_ERROR;
				GCC_WARN_UNDECLARED_SELECTOR = YES;
				GCC_WARN_UNINITIALIZED_AUTOS = YES_AGGRESSIVE;
				GCC_WARN_UNUSED_FUNCTION = YES;
				GCC_WARN_UNUSED_VARIABLE = YES;
				LOCALIZATION_PREFERS_STRING_CATALOGS = YES;
				MACOSX_DEPLOYMENT_TARGET = 15.2;
				MTL_ENABLE_DEBUG_INFO = INCLUDE_SOURCE;
				MTL_FAST_MATH = YES;
				ONLY_ACTIVE_ARCH = YES;
				SDKROOT = macosx;
				SWIFT_ACTIVE_COMPILATION_CONDITIONS = "DEBUG $(inherited)";
				SWIFT_OPTIMIZATION_LEVEL = "-Onone";
			};
			name = Debug;
		};
		27EDAEDC2D1A146F008CC592 /* Release */ = {
			isa = XCBuildConfiguration;
			buildSettings = {
				ALWAYS_SEARCH_USER_PATHS = NO;
				ASSETCATALOG_COMPILER_GENERATE_SWIFT_ASSET_SYMBOL_EXTENSIONS = YES;
				CLANG_ANALYZER_NONNULL = YES;
				CLANG_ANALYZER_NUMBER_OBJECT_CONVERSION = YES_AGGRESSIVE;
				CLANG_CXX_LANGUAGE_STANDARD = "gnu++20";
				CLANG_ENABLE_MODULES = YES;
				CLANG_ENABLE_OBJC_ARC = YES;
				CLANG_ENABLE_OBJC_WEAK = YES;
				CLANG_WARN_BLOCK_CAPTURE_AUTORELEASING = YES;
				CLANG_WARN_BOOL_CONVERSION = YES;
				CLANG_WARN_COMMA = YES;
				CLANG_WARN_CONSTANT_CONVERSION = YES;
				CLANG_WARN_DEPRECATED_OBJC_IMPLEMENTATIONS = YES;
				CLANG_WARN_DIRECT_OBJC_ISA_USAGE = YES_ERROR;
				CLANG_WARN_DOCUMENTATION_COMMENTS = YES;
				CLANG_WARN_EMPTY_BODY = YES;
				CLANG_WARN_ENUM_CONVERSION = YES;
				CLANG_WARN_INFINITE_RECURSION = YES;
				CLANG_WARN_INT_CONVERSION = YES;
				CLANG_WARN_NON_LITERAL_NULL_CONVERSION = YES;
				CLANG_WARN_OBJC_IMPLICIT_RETAIN_SELF = YES;
				CLANG_WARN_OBJC_LITERAL_CONVERSION = YES;
				CLANG_WARN_OBJC_ROOT_CLASS = YES_ERROR;
				CLANG_WARN_QUOTED_INCLUDE_IN_FRAMEWORK_HEADER = YES;
				CLANG_WARN_RANGE_LOOP_ANALYSIS = YES;
				CLANG_WARN_STRICT_PROTOTYPES = YES;
				CLANG_WARN_SUSPICIOUS_MOVE = YES;
				CLANG_WARN_UNGUARDED_AVAILABILITY = YES_AGGRESSIVE;
				CLANG_WARN_UNREACHABLE_CODE = YES;
				CLANG_WARN__DUPLICATE_METHOD_MATCH = YES;
				COPY_PHASE_STRIP = NO;
				DEBUG_INFORMATION_FORMAT = "dwarf-with-dsym";
				ENABLE_NS_ASSERTIONS = NO;
				ENABLE_STRICT_OBJC_MSGSEND = YES;
				ENABLE_USER_SCRIPT_SANDBOXING = YES;
				GCC_C_LANGUAGE_STANDARD = gnu17;
				GCC_NO_COMMON_BLOCKS = YES;
				GCC_WARN_64_TO_32_BIT_CONVERSION = YES;
				GCC_WARN_ABOUT_RETURN_TYPE = YES_ERROR;
				GCC_WARN_UNDECLARED_SELECTOR = YES;
				GCC_WARN_UNINITIALIZED_AUTOS = YES_AGGRESSIVE;
				GCC_WARN_UNUSED_FUNCTION = YES;
				GCC_WARN_UNUSED_VARIABLE = YES;
				LOCALIZATION_PREFERS_STRING_CATALOGS = YES;
				MACOSX_DEPLOYMENT_TARGET = 15.2;
				MTL_ENABLE_DEBUG_INFO = NO;
				MTL_FAST_MATH = YES;
				SDKROOT = macosx;
				SWIFT_COMPILATION_MODE = wholemodule;
			};
			name = Release;
		};
		27EDAEDE2D1A146F008CC592 /* Debug */ = {
			isa = XCBuildConfiguration;
			buildSettings = {
				ASSETCATALOG_COMPILER_APPICON_NAME = AppIcon;
				ASSETCATALOG_COMPILER_GLOBAL_ACCENT_COLOR_NAME = AccentColor;
				CODE_SIGN_ENTITLEMENTS = Bluesent/Bluesent.entitlements;
				CODE_SIGN_STYLE = Automatic;
				COMBINE_HIDPI_IMAGES = YES;
				CURRENT_PROJECT_VERSION = 1;
				DEVELOPMENT_ASSET_PATHS = "\"Bluesent/Preview Content\"";
				ENABLE_PREVIEWS = YES;
				GENERATE_INFOPLIST_FILE = YES;
				INFOPLIST_KEY_NSHumanReadableCopyright = "";
				LD_RUNPATH_SEARCH_PATHS = (
					"$(inherited)",
					"@executable_path/../Frameworks",
				);
				MARKETING_VERSION = 1.0;
				PRODUCT_BUNDLE_IDENTIFIER = kgz.Bluesent;
				PRODUCT_NAME = "$(TARGET_NAME)";
				SWIFT_EMIT_LOC_STRINGS = YES;
				SWIFT_VERSION = 5.0;
			};
			name = Debug;
		};
		27EDAEDF2D1A146F008CC592 /* Release */ = {
			isa = XCBuildConfiguration;
			buildSettings = {
				ASSETCATALOG_COMPILER_APPICON_NAME = AppIcon;
				ASSETCATALOG_COMPILER_GLOBAL_ACCENT_COLOR_NAME = AccentColor;
				CODE_SIGN_ENTITLEMENTS = Bluesent/Bluesent.entitlements;
				CODE_SIGN_STYLE = Automatic;
				COMBINE_HIDPI_IMAGES = YES;
				CURRENT_PROJECT_VERSION = 1;
				DEVELOPMENT_ASSET_PATHS = "\"Bluesent/Preview Content\"";
				ENABLE_PREVIEWS = YES;
				GENERATE_INFOPLIST_FILE = YES;
				INFOPLIST_KEY_NSHumanReadableCopyright = "";
				LD_RUNPATH_SEARCH_PATHS = (
					"$(inherited)",
					"@executable_path/../Frameworks",
				);
				MARKETING_VERSION = 1.0;
				PRODUCT_BUNDLE_IDENTIFIER = kgz.Bluesent;
				PRODUCT_NAME = "$(TARGET_NAME)";
				SWIFT_EMIT_LOC_STRINGS = YES;
				SWIFT_VERSION = 5.0;
			};
			name = Release;
		};
		27EDAEE12D1A146F008CC592 /* Debug */ = {
			isa = XCBuildConfiguration;
			buildSettings = {
				BUNDLE_LOADER = "$(TEST_HOST)";
				CODE_SIGN_STYLE = Automatic;
				CURRENT_PROJECT_VERSION = 1;
				GENERATE_INFOPLIST_FILE = YES;
				MACOSX_DEPLOYMENT_TARGET = 15.2;
				MARKETING_VERSION = 1.0;
				PRODUCT_BUNDLE_IDENTIFIER = kgz.BluesentTests;
				PRODUCT_NAME = "$(TARGET_NAME)";
				SWIFT_EMIT_LOC_STRINGS = NO;
				SWIFT_VERSION = 5.0;
				TEST_HOST = "$(BUILT_PRODUCTS_DIR)/Bluesent.app/$(BUNDLE_EXECUTABLE_FOLDER_PATH)/Bluesent";
			};
			name = Debug;
		};
		27EDAEE22D1A146F008CC592 /* Release */ = {
			isa = XCBuildConfiguration;
			buildSettings = {
				BUNDLE_LOADER = "$(TEST_HOST)";
				CODE_SIGN_STYLE = Automatic;
				CURRENT_PROJECT_VERSION = 1;
				GENERATE_INFOPLIST_FILE = YES;
				MACOSX_DEPLOYMENT_TARGET = 15.2;
				MARKETING_VERSION = 1.0;
				PRODUCT_BUNDLE_IDENTIFIER = kgz.BluesentTests;
				PRODUCT_NAME = "$(TARGET_NAME)";
				SWIFT_EMIT_LOC_STRINGS = NO;
				SWIFT_VERSION = 5.0;
				TEST_HOST = "$(BUILT_PRODUCTS_DIR)/Bluesent.app/$(BUNDLE_EXECUTABLE_FOLDER_PATH)/Bluesent";
			};
			name = Release;
		};
		27EDAEE42D1A146F008CC592 /* Debug */ = {
			isa = XCBuildConfiguration;
			buildSettings = {
				CODE_SIGN_STYLE = Automatic;
				CURRENT_PROJECT_VERSION = 1;
				GENERATE_INFOPLIST_FILE = YES;
				MARKETING_VERSION = 1.0;
				PRODUCT_BUNDLE_IDENTIFIER = kgz.BluesentUITests;
				PRODUCT_NAME = "$(TARGET_NAME)";
				SWIFT_EMIT_LOC_STRINGS = NO;
				SWIFT_VERSION = 5.0;
				TEST_TARGET_NAME = Bluesent;
			};
			name = Debug;
		};
		27EDAEE52D1A146F008CC592 /* Release */ = {
			isa = XCBuildConfiguration;
			buildSettings = {
				CODE_SIGN_STYLE = Automatic;
				CURRENT_PROJECT_VERSION = 1;
				GENERATE_INFOPLIST_FILE = YES;
				MARKETING_VERSION = 1.0;
				PRODUCT_BUNDLE_IDENTIFIER = kgz.BluesentUITests;
				PRODUCT_NAME = "$(TARGET_NAME)";
				SWIFT_EMIT_LOC_STRINGS = NO;
				SWIFT_VERSION = 5.0;
				TEST_TARGET_NAME = Bluesent;
			};
			name = Release;
		};
/* End XCBuildConfiguration section */

/* Begin XCConfigurationList section */
		27EDAEB32D1A146C008CC592 /* Build configuration list for PBXProject "Bluesent" */ = {
			isa = XCConfigurationList;
			buildConfigurations = (
				27EDAEDB2D1A146F008CC592 /* Debug */,
				27EDAEDC2D1A146F008CC592 /* Release */,
			);
			defaultConfigurationIsVisible = 0;
			defaultConfigurationName = Release;
		};
		27EDAEDD2D1A146F008CC592 /* Build configuration list for PBXNativeTarget "Bluesent" */ = {
			isa = XCConfigurationList;
			buildConfigurations = (
				27EDAEDE2D1A146F008CC592 /* Debug */,
				27EDAEDF2D1A146F008CC592 /* Release */,
			);
			defaultConfigurationIsVisible = 0;
			defaultConfigurationName = Release;
		};
		27EDAEE02D1A146F008CC592 /* Build configuration list for PBXNativeTarget "BluesentTests" */ = {
			isa = XCConfigurationList;
			buildConfigurations = (
				27EDAEE12D1A146F008CC592 /* Debug */,
				27EDAEE22D1A146F008CC592 /* Release */,
			);
			defaultConfigurationIsVisible = 0;
			defaultConfigurationName = Release;
		};
		27EDAEE32D1A146F008CC592 /* Build configuration list for PBXNativeTarget "BluesentUITests" */ = {
			isa = XCConfigurationList;
			buildConfigurations = (
				27EDAEE42D1A146F008CC592 /* Debug */,
				27EDAEE52D1A146F008CC592 /* Release */,
			);
			defaultConfigurationIsVisible = 0;
			defaultConfigurationName = Release;
		};
/* End XCConfigurationList section */

/* Begin XCLocalSwiftPackageReference section */
		27EDAEF12D1AD9A3008CC592 /* XCLocalSwiftPackageReference "../../../../../Users/zahedi/Downloads/Yams-main" */ = {
			isa = XCLocalSwiftPackageReference;
			relativePath = "../../../../../Users/zahedi/Downloads/Yams-main";
		};
		27EDAEF22D1AD9D7008CC592 /* XCLocalSwiftPackageReference "../../../../../Users/zahedi/Downloads/mongo-swift-driver-main" */ = {
			isa = XCLocalSwiftPackageReference;
			relativePath = "../../../../../Users/zahedi/Downloads/mongo-swift-driver-main";
		};
/* End XCLocalSwiftPackageReference section */
	};
	rootObject = 27EDAEB02D1A146C008CC592 /* Project object */;
}
